// !$*UTF8*$!
{
	archiveVersion = 1;
	classes = {
	};
	objectVersion = 56;
	objects = {

/* Begin PBXBuildFile section */
		D653A02128F76F9E0073BC3C /* CurrencySelectorView.swift in Sources */ = {isa = PBXBuildFile; fileRef = D653A02028F76F9E0073BC3C /* CurrencySelectorView.swift */; };
		D677EC1428F163AE0089BE67 /* My_Finance_TrackerApp.swift in Sources */ = {isa = PBXBuildFile; fileRef = D677EC1328F163AE0089BE67 /* My_Finance_TrackerApp.swift */; };
		D677EC1628F163AE0089BE67 /* HomeView.swift in Sources */ = {isa = PBXBuildFile; fileRef = D677EC1528F163AE0089BE67 /* HomeView.swift */; };
		D677EC1828F163AF0089BE67 /* Assets.xcassets in Resources */ = {isa = PBXBuildFile; fileRef = D677EC1728F163AF0089BE67 /* Assets.xcassets */; };
		D677EC1B28F163AF0089BE67 /* Preview Assets.xcassets in Resources */ = {isa = PBXBuildFile; fileRef = D677EC1A28F163AF0089BE67 /* Preview Assets.xcassets */; };
		D69DBA8228F5AE9E005ABB4E /* Currency.swift in Sources */ = {isa = PBXBuildFile; fileRef = D69DBA8128F5AE9E005ABB4E /* Currency.swift */; };
		D6F9F9F528F45F9000FAF3F7 /* AccountCellView.swift in Sources */ = {isa = PBXBuildFile; fileRef = D6F9F9F428F45F8F00FAF3F7 /* AccountCellView.swift */; };
		D6F9F9FE28F4DC8A00FAF3F7 /* Account.swift in Sources */ = {isa = PBXBuildFile; fileRef = D6F9F9FD28F4DC8A00FAF3F7 /* Account.swift */; };
/* End PBXBuildFile section */

/* Begin PBXFileReference section */
		D653A02028F76F9E0073BC3C /* CurrencySelectorView.swift */ = {isa = PBXFileReference; lastKnownFileType = sourcecode.swift; path = CurrencySelectorView.swift; sourceTree = "<group>"; };
		D677EC1028F163AE0089BE67 /* My Finance Tracker.app */ = {isa = PBXFileReference; explicitFileType = wrapper.application; includeInIndex = 0; path = "My Finance Tracker.app"; sourceTree = BUILT_PRODUCTS_DIR; };
		D677EC1328F163AE0089BE67 /* My_Finance_TrackerApp.swift */ = {isa = PBXFileReference; lastKnownFileType = sourcecode.swift; path = My_Finance_TrackerApp.swift; sourceTree = "<group>"; };
		D677EC1528F163AE0089BE67 /* HomeView.swift */ = {isa = PBXFileReference; lastKnownFileType = sourcecode.swift; path = HomeView.swift; sourceTree = "<group>"; };
		D677EC1728F163AF0089BE67 /* Assets.xcassets */ = {isa = PBXFileReference; lastKnownFileType = folder.assetcatalog; path = Assets.xcassets; sourceTree = "<group>"; };
		D677EC1A28F163AF0089BE67 /* Preview Assets.xcassets */ = {isa = PBXFileReference; lastKnownFileType = folder.assetcatalog; path = "Preview Assets.xcassets"; sourceTree = "<group>"; };
		D69DBA8128F5AE9E005ABB4E /* Currency.swift */ = {isa = PBXFileReference; lastKnownFileType = sourcecode.swift; path = Currency.swift; sourceTree = "<group>"; };
		D6F9F9F428F45F8F00FAF3F7 /* AccountCellView.swift */ = {isa = PBXFileReference; lastKnownFileType = sourcecode.swift; path = AccountCellView.swift; sourceTree = "<group>"; };
		D6F9F9FD28F4DC8A00FAF3F7 /* Account.swift */ = {isa = PBXFileReference; lastKnownFileType = sourcecode.swift; path = Account.swift; sourceTree = "<group>"; };
/* End PBXFileReference section */

/* Begin PBXFrameworksBuildPhase section */
		D677EC0D28F163AE0089BE67 /* Frameworks */ = {
			isa = PBXFrameworksBuildPhase;
			buildActionMask = 2147483647;
			files = (
			);
			runOnlyForDeploymentPostprocessing = 0;
		};
/* End PBXFrameworksBuildPhase section */

/* Begin PBXGroup section */
		D677EC0728F163AE0089BE67 = {
			isa = PBXGroup;
			children = (
				D677EC1228F163AE0089BE67 /* My Finance Tracker */,
				D677EC1128F163AE0089BE67 /* Products */,
			);
			sourceTree = "<group>";
		};
		D677EC1128F163AE0089BE67 /* Products */ = {
			isa = PBXGroup;
			children = (
				D677EC1028F163AE0089BE67 /* My Finance Tracker.app */,
			);
			name = Products;
			sourceTree = "<group>";
		};
		D677EC1228F163AE0089BE67 /* My Finance Tracker */ = {
			isa = PBXGroup;
			children = (
				D6F9F9FF28F4DFD500FAF3F7 /* App */,
				D6F9F9FA28F4DC4D00FAF3F7 /* Model */,
				D6F9F9FB28F4DC5C00FAF3F7 /* View */,
				D6F9F9FC28F4DC6400FAF3F7 /* ViewModel */,
				D6F9FA0028F4E05B00FAF3F7 /* Resources */,
				D677EC1928F163AF0089BE67 /* Preview Content */,
			);
			path = "My Finance Tracker";
			sourceTree = "<group>";
		};
		D677EC1928F163AF0089BE67 /* Preview Content */ = {
			isa = PBXGroup;
			children = (
				D677EC1A28F163AF0089BE67 /* Preview Assets.xcassets */,
			);
			path = "Preview Content";
			sourceTree = "<group>";
		};
		D6F9F9FA28F4DC4D00FAF3F7 /* Model */ = {
			isa = PBXGroup;
			children = (
			);
			path = Model;
			sourceTree = "<group>";
		};
		D6F9F9FB28F4DC5C00FAF3F7 /* View */ = {
			isa = PBXGroup;
			children = (
				D6F9F9F428F45F8F00FAF3F7 /* AccountCellView.swift */,
				D653A02028F76F9E0073BC3C /* CurrencySelectorView.swift */,
			);
			path = View;
			sourceTree = "<group>";
		};
		D6F9F9FC28F4DC6400FAF3F7 /* ViewModel */ = {
			isa = PBXGroup;
			children = (
				D6F9F9FD28F4DC8A00FAF3F7 /* Account.swift */,
				D69DBA8128F5AE9E005ABB4E /* Currency.swift */,
			);
			path = ViewModel;
			sourceTree = "<group>";
		};
		D6F9F9FF28F4DFD500FAF3F7 /* App */ = {
			isa = PBXGroup;
			children = (
				D677EC1328F163AE0089BE67 /* My_Finance_TrackerApp.swift */,
				D677EC1528F163AE0089BE67 /* HomeView.swift */,
			);
			path = App;
			sourceTree = "<group>";
		};
		D6F9FA0028F4E05B00FAF3F7 /* Resources */ = {
			isa = PBXGroup;
			children = (
				D677EC1728F163AF0089BE67 /* Assets.xcassets */,
			);
			path = Resources;
			sourceTree = "<group>";
		};
/* End PBXGroup section */

/* Begin PBXNativeTarget section */
		D677EC0F28F163AE0089BE67 /* My Finance Tracker */ = {
			isa = PBXNativeTarget;
			buildConfigurationList = D677EC1E28F163AF0089BE67 /* Build configuration list for PBXNativeTarget "My Finance Tracker" */;
			buildPhases = (
				D677EC0C28F163AE0089BE67 /* Sources */,
				D677EC0D28F163AE0089BE67 /* Frameworks */,
				D677EC0E28F163AE0089BE67 /* Resources */,
			);
			buildRules = (
			);
			dependencies = (
			);
			name = "My Finance Tracker";
			productName = "My Finance Tracker";
			productReference = D677EC1028F163AE0089BE67 /* My Finance Tracker.app */;
			productType = "com.apple.product-type.application";
		};
/* End PBXNativeTarget section */

/* Begin PBXProject section */
		D677EC0828F163AE0089BE67 /* Project object */ = {
			isa = PBXProject;
			attributes = {
				BuildIndependentTargetsInParallel = 1;
				LastSwiftUpdateCheck = 1400;
				LastUpgradeCheck = 1400;
				TargetAttributes = {
					D677EC0F28F163AE0089BE67 = {
						CreatedOnToolsVersion = 14.0.1;
					};
				};
			};
			buildConfigurationList = D677EC0B28F163AE0089BE67 /* Build configuration list for PBXProject "My Finance Tracker" */;
			compatibilityVersion = "Xcode 14.0";
			developmentRegion = en;
			hasScannedForEncodings = 0;
			knownRegions = (
				en,
				Base,
			);
			mainGroup = D677EC0728F163AE0089BE67;
			productRefGroup = D677EC1128F163AE0089BE67 /* Products */;
			projectDirPath = "";
			projectRoot = "";
			targets = (
				D677EC0F28F163AE0089BE67 /* My Finance Tracker */,
			);
		};
/* End PBXProject section */

/* Begin PBXResourcesBuildPhase section */
		D677EC0E28F163AE0089BE67 /* Resources */ = {
			isa = PBXResourcesBuildPhase;
			buildActionMask = 2147483647;
			files = (
				D677EC1B28F163AF0089BE67 /* Preview Assets.xcassets in Resources */,
				D677EC1828F163AF0089BE67 /* Assets.xcassets in Resources */,
			);
			runOnlyForDeploymentPostprocessing = 0;
		};
/* End PBXResourcesBuildPhase section */

/* Begin PBXSourcesBuildPhase section */
		D677EC0C28F163AE0089BE67 /* Sources */ = {
			isa = PBXSourcesBuildPhase;
			buildActionMask = 2147483647;
			files = (
				D677EC1628F163AE0089BE67 /* HomeView.swift in Sources */,
				D69DBA8228F5AE9E005ABB4E /* Currency.swift in Sources */,
				D677EC1428F163AE0089BE67 /* My_Finance_TrackerApp.swift in Sources */,
				D6F9F9F528F45F9000FAF3F7 /* AccountCellView.swift in Sources */,
				D653A02128F76F9E0073BC3C /* CurrencySelectorView.swift in Sources */,
				D6F9F9FE28F4DC8A00FAF3F7 /* Account.swift in Sources */,
			);
			runOnlyForDeploymentPostprocessing = 0;
		};
/* End PBXSourcesBuildPhase section */

/* Begin XCBuildConfiguration section */
		D677EC1C28F163AF0089BE67 /* Debug */ = {
			isa = XCBuildConfiguration;
			buildSettings = {
				ALWAYS_SEARCH_USER_PATHS = NO;
				CLANG_ANALYZER_NONNULL = YES;
				CLANG_ANALYZER_NUMBER_OBJECT_CONVERSION = YES_AGGRESSIVE;
				CLANG_CXX_LANGUAGE_STANDARD = "gnu++20";
				CLANG_ENABLE_MODULES = YES;
				CLANG_ENABLE_OBJC_ARC = YES;
				CLANG_ENABLE_OBJC_WEAK = YES;
				CLANG_WARN_BLOCK_CAPTURE_AUTORELEASING = YES;
				CLANG_WARN_BOOL_CONVERSION = YES;
				CLANG_WARN_COMMA = YES;
				CLANG_WARN_CONSTANT_CONVERSION = YES;
				CLANG_WARN_DEPRECATED_OBJC_IMPLEMENTATIONS = YES;
				CLANG_WARN_DIRECT_OBJC_ISA_USAGE = YES_ERROR;
				CLANG_WARN_DOCUMENTATION_COMMENTS = YES;
				CLANG_WARN_EMPTY_BODY = YES;
				CLANG_WARN_ENUM_CONVERSION = YES;
				CLANG_WARN_INFINITE_RECURSION = YES;
				CLANG_WARN_INT_CONVERSION = YES;
				CLANG_WARN_NON_LITERAL_NULL_CONVERSION = YES;
				CLANG_WARN_OBJC_IMPLICIT_RETAIN_SELF = YES;
				CLANG_WARN_OBJC_LITERAL_CONVERSION = YES;
				CLANG_WARN_OBJC_ROOT_CLASS = YES_ERROR;
				CLANG_WARN_QUOTED_INCLUDE_IN_FRAMEWORK_HEADER = YES;
				CLANG_WARN_RANGE_LOOP_ANALYSIS = YES;
				CLANG_WARN_STRICT_PROTOTYPES = YES;
				CLANG_WARN_SUSPICIOUS_MOVE = YES;
				CLANG_WARN_UNGUARDED_AVAILABILITY = YES_AGGRESSIVE;
				CLANG_WARN_UNREACHABLE_CODE = YES;
				CLANG_WARN__DUPLICATE_METHOD_MATCH = YES;
				COPY_PHASE_STRIP = NO;
				DEBUG_INFORMATION_FORMAT = dwarf;
				ENABLE_STRICT_OBJC_MSGSEND = YES;
				ENABLE_TESTABILITY = YES;
				GCC_C_LANGUAGE_STANDARD = gnu11;
				GCC_DYNAMIC_NO_PIC = NO;
				GCC_NO_COMMON_BLOCKS = YES;
				GCC_OPTIMIZATION_LEVEL = 0;
				GCC_PREPROCESSOR_DEFINITIONS = (
					"DEBUG=1",
					"$(inherited)",
				);
				GCC_WARN_64_TO_32_BIT_CONVERSION = YES;
				GCC_WARN_ABOUT_RETURN_TYPE = YES_ERROR;
				GCC_WARN_UNDECLARED_SELECTOR = YES;
				GCC_WARN_UNINITIALIZED_AUTOS = YES_AGGRESSIVE;
				GCC_WARN_UNUSED_FUNCTION = YES;
				GCC_WARN_UNUSED_VARIABLE = YES;
				IPHONEOS_DEPLOYMENT_TARGET = 16.0;
				MTL_ENABLE_DEBUG_INFO = INCLUDE_SOURCE;
				MTL_FAST_MATH = YES;
				ONLY_ACTIVE_ARCH = YES;
				SDKROOT = iphoneos;
				SWIFT_ACTIVE_COMPILATION_CONDITIONS = DEBUG;
				SWIFT_OPTIMIZATION_LEVEL = "-Onone";
			};
			name = Debug;
		};
		D677EC1D28F163AF0089BE67 /* Release */ = {
			isa = XCBuildConfiguration;
			buildSettings = {
				ALWAYS_SEARCH_USER_PATHS = NO;
				CLANG_ANALYZER_NONNULL = YES;
				CLANG_ANALYZER_NUMBER_OBJECT_CONVERSION = YES_AGGRESSIVE;
				CLANG_CXX_LANGUAGE_STANDARD = "gnu++20";
				CLANG_ENABLE_MODULES = YES;
				CLANG_ENABLE_OBJC_ARC = YES;
				CLANG_ENABLE_OBJC_WEAK = YES;
				CLANG_WARN_BLOCK_CAPTURE_AUTORELEASING = YES;
				CLANG_WARN_BOOL_CONVERSION = YES;
				CLANG_WARN_COMMA = YES;
				CLANG_WARN_CONSTANT_CONVERSION = YES;
				CLANG_WARN_DEPRECATED_OBJC_IMPLEMENTATIONS = YES;
				CLANG_WARN_DIRECT_OBJC_ISA_USAGE = YES_ERROR;
				CLANG_WARN_DOCUMENTATION_COMMENTS = YES;
				CLANG_WARN_EMPTY_BODY = YES;
				CLANG_WARN_ENUM_CONVERSION = YES;
				CLANG_WARN_INFINITE_RECURSION = YES;
				CLANG_WARN_INT_CONVERSION = YES;
				CLANG_WARN_NON_LITERAL_NULL_CONVERSION = YES;
				CLANG_WARN_OBJC_IMPLICIT_RETAIN_SELF = YES;
				CLANG_WARN_OBJC_LITERAL_CONVERSION = YES;
				CLANG_WARN_OBJC_ROOT_CLASS = YES_ERROR;
				CLANG_WARN_QUOTED_INCLUDE_IN_FRAMEWORK_HEADER = YES;
				CLANG_WARN_RANGE_LOOP_ANALYSIS = YES;
				CLANG_WARN_STRICT_PROTOTYPES = YES;
				CLANG_WARN_SUSPICIOUS_MOVE = YES;
				CLANG_WARN_UNGUARDED_AVAILABILITY = YES_AGGRESSIVE;
				CLANG_WARN_UNREACHABLE_CODE = YES;
				CLANG_WARN__DUPLICATE_METHOD_MATCH = YES;
				COPY_PHASE_STRIP = NO;
				DEBUG_INFORMATION_FORMAT = "dwarf-with-dsym";
				ENABLE_NS_ASSERTIONS = NO;
				ENABLE_STRICT_OBJC_MSGSEND = YES;
				GCC_C_LANGUAGE_STANDARD = gnu11;
				GCC_NO_COMMON_BLOCKS = YES;
				GCC_WARN_64_TO_32_BIT_CONVERSION = YES;
				GCC_WARN_ABOUT_RETURN_TYPE = YES_ERROR;
				GCC_WARN_UNDECLARED_SELECTOR = YES;
				GCC_WARN_UNINITIALIZED_AUTOS = YES_AGGRESSIVE;
				GCC_WARN_UNUSED_FUNCTION = YES;
				GCC_WARN_UNUSED_VARIABLE = YES;
				IPHONEOS_DEPLOYMENT_TARGET = 16.0;
				MTL_ENABLE_DEBUG_INFO = NO;
				MTL_FAST_MATH = YES;
				SDKROOT = iphoneos;
				SWIFT_COMPILATION_MODE = wholemodule;
				SWIFT_OPTIMIZATION_LEVEL = "-O";
				VALIDATE_PRODUCT = YES;
			};
			name = Release;
		};
		D677EC1F28F163AF0089BE67 /* Debug */ = {
			isa = XCBuildConfiguration;
			buildSettings = {
				ASSETCATALOG_COMPILER_APPICON_NAME = AppIcon;
				ASSETCATALOG_COMPILER_GLOBAL_ACCENT_COLOR_NAME = AccentColor;
				CODE_SIGN_STYLE = Automatic;
				CURRENT_PROJECT_VERSION = 1;
				DEVELOPMENT_ASSET_PATHS = "\"My Finance Tracker/Preview Content\"";
				DEVELOPMENT_TEAM = 87JBRRQS37;
				ENABLE_PREVIEWS = YES;
				GENERATE_INFOPLIST_FILE = YES;
				INFOPLIST_KEY_UIApplicationSceneManifest_Generation = YES;
				INFOPLIST_KEY_UIApplicationSupportsIndirectInputEvents = YES;
				INFOPLIST_KEY_UILaunchScreen_Generation = YES;
				INFOPLIST_KEY_UISupportedInterfaceOrientations_iPad = "UIInterfaceOrientationPortrait UIInterfaceOrientationPortraitUpsideDown UIInterfaceOrientationLandscapeLeft UIInterfaceOrientationLandscapeRight";
				INFOPLIST_KEY_UISupportedInterfaceOrientations_iPhone = "UIInterfaceOrientationPortrait UIInterfaceOrientationLandscapeLeft UIInterfaceOrientationLandscapeRight";
				LD_RUNPATH_SEARCH_PATHS = (
					"$(inherited)",
					"@executable_path/Frameworks",
				);
				MARKETING_VERSION = 1.0;
				PRODUCT_BUNDLE_IDENTIFIER = "com.fardiissihaka.My-Finance-Tracker";
				PRODUCT_NAME = "$(TARGET_NAME)";
				SWIFT_EMIT_LOC_STRINGS = YES;
				SWIFT_VERSION = 5.0;
				TARGETED_DEVICE_FAMILY = "1,2";
			};
			name = Debug;
		};
		D677EC2028F163AF0089BE67 /* Release */ = {
			isa = XCBuildConfiguration;
			buildSettings = {
				ASSETCATALOG_COMPILER_APPICON_NAME = AppIcon;
				ASSETCATALOG_COMPILER_GLOBAL_ACCENT_COLOR_NAME = AccentColor;
				CODE_SIGN_STYLE = Automatic;
				CURRENT_PROJECT_VERSION = 1;
				DEVELOPMENT_ASSET_PATHS = "\"My Finance Tracker/Preview Content\"";
				DEVELOPMENT_TEAM = 87JBRRQS37;
				ENABLE_PREVIEWS = YES;
				GENERATE_INFOPLIST_FILE = YES;
				INFOPLIST_KEY_UIApplicationSceneManifest_Generation = YES;
				INFOPLIST_KEY_UIApplicationSupportsIndirectInputEvents = YES;
				INFOPLIST_KEY_UILaunchScreen_Generation = YES;
				INFOPLIST_KEY_UISupportedInterfaceOrientations_iPad = "UIInterfaceOrientationPortrait UIInterfaceOrientationPortraitUpsideDown UIInterfaceOrientationLandscapeLeft UIInterfaceOrientationLandscapeRight";
				INFOPLIST_KEY_UISupportedInterfaceOrientations_iPhone = "UIInterfaceOrientationPortrait UIInterfaceOrientationLandscapeLeft UIInterfaceOrientationLandscapeRight";
				LD_RUNPATH_SEARCH_PATHS = (
					"$(inherited)",
					"@executable_path/Frameworks",
				);
				MARKETING_VERSION = 1.0;
				PRODUCT_BUNDLE_IDENTIFIER = "com.fardiissihaka.My-Finance-Tracker";
				PRODUCT_NAME = "$(TARGET_NAME)";
				SWIFT_EMIT_LOC_STRINGS = YES;
				SWIFT_VERSION = 5.0;
				TARGETED_DEVICE_FAMILY = "1,2";
			};
			name = Release;
		};
/* End XCBuildConfiguration section */

/* Begin XCConfigurationList section */
		D677EC0B28F163AE0089BE67 /* Build configuration list for PBXProject "My Finance Tracker" */ = {
			isa = XCConfigurationList;
			buildConfigurations = (
				D677EC1C28F163AF0089BE67 /* Debug */,
				D677EC1D28F163AF0089BE67 /* Release */,
			);
			defaultConfigurationIsVisible = 0;
			defaultConfigurationName = Release;
		};
		D677EC1E28F163AF0089BE67 /* Build configuration list for PBXNativeTarget "My Finance Tracker" */ = {
			isa = XCConfigurationList;
			buildConfigurations = (
				D677EC1F28F163AF0089BE67 /* Debug */,
				D677EC2028F163AF0089BE67 /* Release */,
			);
			defaultConfigurationIsVisible = 0;
			defaultConfigurationName = Release;
		};
/* End XCConfigurationList section */
	};
	rootObject = D677EC0828F163AE0089BE67 /* Project object */;
}
